
Microsoft Visual Studio Solution File, Format Version 12.00
# Visual Studio 15
VisualStudioVersion = 15.0.27130.2036
MinimumVisualStudioVersion = 10.0.40219.1
Project("{FAE04EC0-301F-11D3-BF4B-00C04F79EFBC}") = "SortUtil", "SortUtil\SortUtil.csproj", "{1DED009F-8347-4485-9630-0A6519AD345B}"
EndProject
Project("{FAE04EC0-301F-11D3-BF4B-00C04F79EFBC}") = "SortUtil.Tests", "SortUtil.Tests\SortUtil.Tests.csproj", "{84594195-FCEA-49B0-AF6E-D697CB321044}"
EndProject
Global
	GlobalSection(SolutionConfigurationPlatforms) = preSolution
		Debug|Any CPU = Debug|Any CPU
		Release|Any CPU = Release|Any CPU
	EndGlobalSection
	GlobalSection(ProjectConfigurationPlatforms) = postSolution
		{1DED009F-8347-4485-9630-0A6519AD345B}.Debug|Any CPU.ActiveCfg = Debug|Any CPU
		{1DED009F-8347-4485-9630-0A6519AD345B}.Debug|Any CPU.Build.0 = Debug|Any CPU
		{1DED009F-8347-4485-9630-0A6519AD345B}.Release|Any CPU.ActiveCfg = Release|Any CPU
		{1DED009F-8347-4485-9630-0A6519AD345B}.Release|Any CPU.Build.0 = Release|Any CPU
		{84594195-FCEA-49B0-AF6E-D697CB321044}.Debug|Any CPU.ActiveCfg = Debug|Any CPU
		{84594195-FCEA-49B0-AF6E-D697CB321044}.Debug|Any CPU.Build.0 = Debug|Any CPU
		{84594195-FCEA-49B0-AF6E-D697CB321044}.Release|Any CPU.ActiveCfg = Release|Any CPU
		{84594195-FCEA-49B0-AF6E-D697CB321044}.Release|Any CPU.Build.0 = Release|Any CPU
	EndGlobalSection
	GlobalSection(SolutionProperties) = preSolution
		HideSolutionNode = FALSE
	EndGlobalSection
	GlobalSection(ExtensibilityGlobals) = postSolution
		SolutionGuid = {E0C1B073-F689-4FD0-ABB9-B543A1A920D5}
	EndGlobalSection
EndGlobal
